# This file is automatically @generated by Cargo.
# It is not intended for manual editing.
version = 4

[[package]]
name = "cathedral-src-anomaly"
version = "2.0.0"

[[package]]
name = "cathedral-src-bridge"
version = "2.0.0"

[[package]]
name = "cathedral-src-core"
version = "2.0.0"

[[package]]
name = "cathedral-src-fl"
version = "2.0.0"

[[package]]
name = "cathedral-src-mcp"
version = "2.0.0"

[[package]]
name = "cathedral-src-nostr"
version = "2.0.0"

[[package]]
name = "cathedral-src-pqc"
version = "2.0.0"

[[package]]
name = "cathedral-src-swarm"
version = "2.0.0"

[[package]]
name = "cathedral-src-wormgraph"
version = "2.0.0"

[[package]]
name = "cathedral-src-xtask"
version = "2.0.0"

[[package]]
name = "cathedral-src-zk-circuits"
version = "2.0.0"

[[package]]
name = "cathedral-src-zk-risc0-methods-guest"
version = "2.0.0"
