# This file is automatically @generated by Cargo.
# It is not intended for manual editing.
version = 4

[[package]]
name = "cathedral-agent-capacity"
version = "1.0.0"

[[package]]
name = "cathedral-agent-compliance"
version = "1.0.0"

[[package]]
name = "cathedral-agent-energy"
version = "1.0.0"

[[package]]
name = "cathedral-agent-monitoring"
version = "1.0.0"

[[package]]
name = "cathedral-agent-security"
version = "1.0.0"

[[package]]
name = "cathedral-api"
version = "1.0.0"

[[package]]
name = "cathedral-arkheobex"
version = "1.0.0"

[[package]]
name = "cathedral-cli"
version = "1.0.0"

[[package]]
name = "cathedral-dcops-core"
version = "1.0.0"

[[package]]
name = "cathedral-dcops-runtime"
version = "1.0.0"

[[package]]
name = "cathedral-identity"
version = "1.0.0"

[[package]]
name = "cathedral-observer"
version = "1.0.0"

[[package]]
name = "cathedral-resilience"
version = "1.0.0"

[[package]]
name = "cathedral-self-improve"
version = "1.0.0"

[[package]]
name = "cathedral-test-support"
version = "1.0.0"

[[package]]
name = "cathedral-wormgraph"
version = "1.0.0"

[[package]]
name = "cathedral-xtask"
version = "1.0.0"

[[package]]
name = "cathedral-zk"
version = "1.0.0"
